// !$*UTF8*$!
{
	archiveVersion = 1;
	classes = {
	};
	objectVersion = 50;
	objects = {

/* Begin PBXBuildFile section */
		9A2CC70F21C6AC8200523D71 /* MovieComments.swift in Sources */ = {isa = PBXBuildFile; fileRef = 9A2CC70E21C6AC8200523D71 /* MovieComments.swift */; };
		9A2CC71121C6E2F400523D71 /* Launch Screen.storyboard in Resources */ = {isa = PBXBuildFile; fileRef = 9A2CC71021C6E2F400523D71 /* Launch Screen.storyboard */; };
		9A2CC71321C6ED1800523D71 /* PosterViewController.swift in Sources */ = {isa = PBXBuildFile; fileRef = 9A2CC71221C6ED1800523D71 /* PosterViewController.swift */; };
		9A39B9B921C5AC6300376F5C /* MovieViewController.swift in Sources */ = {isa = PBXBuildFile; fileRef = 9A39B9B821C5AC6300376F5C /* MovieViewController.swift */; };
		9A39B9BB21C633EF00376F5C /* MovieInfoTableViewCell.swift in Sources */ = {isa = PBXBuildFile; fileRef = 9A39B9BA21C633EF00376F5C /* MovieInfoTableViewCell.swift */; };
		9A39B9BD21C6340900376F5C /* MovieStoryTableViewCell.swift in Sources */ = {isa = PBXBuildFile; fileRef = 9A39B9BC21C6340900376F5C /* MovieStoryTableViewCell.swift */; };
		9A39B9BF21C6341E00376F5C /* MovieMakerTableViewCell.swift in Sources */ = {isa = PBXBuildFile; fileRef = 9A39B9BE21C6341E00376F5C /* MovieMakerTableViewCell.swift */; };
		9A39B9C121C6343300376F5C /* MovieCommentHeaderTableViewCell.swift in Sources */ = {isa = PBXBuildFile; fileRef = 9A39B9C021C6343300376F5C /* MovieCommentHeaderTableViewCell.swift */; };
		9A39B9C321C63AAB00376F5C /* MovieCommentTableViewCell.swift in Sources */ = {isa = PBXBuildFile; fileRef = 9A39B9C221C63AAB00376F5C /* MovieCommentTableViewCell.swift */; };
		9A39B9C521C64DAB00376F5C /* MovieDetail.swift in Sources */ = {isa = PBXBuildFile; fileRef = 9A39B9C421C64DAB00376F5C /* MovieDetail.swift */; };
		9AFEF61121C45969000AF868 /* AppDelegate.swift in Sources */ = {isa = PBXBuildFile; fileRef = 9AFEF61021C45969000AF868 /* AppDelegate.swift */; };
		9AFEF61621C45969000AF868 /* Main.storyboard in Resources */ = {isa = PBXBuildFile; fileRef = 9AFEF61421C45969000AF868 /* Main.storyboard */; };
		9AFEF6E421C45E31000AF868 /* Assets.xcassets in Resources */ = {isa = PBXBuildFile; fileRef = 9AFEF6E321C45E31000AF868 /* Assets.xcassets */; };
		9AFEF6E621C46A64000AF868 /* Movie.swift in Sources */ = {isa = PBXBuildFile; fileRef = 9AFEF6E521C46A64000AF868 /* Movie.swift */; };
		9AFEF6E821C46CF8000AF868 /* MoviesTableViewController.swift in Sources */ = {isa = PBXBuildFile; fileRef = 9AFEF6E721C46CF8000AF868 /* MoviesTableViewController.swift */; };
		9AFEF6EA21C46D17000AF868 /* MoviesCollectionViewController.swift in Sources */ = {isa = PBXBuildFile; fileRef = 9AFEF6E921C46D17000AF868 /* MoviesCollectionViewController.swift */; };
		9AFEF6EC21C46D38000AF868 /* MoviesTableViewCell.swift in Sources */ = {isa = PBXBuildFile; fileRef = 9AFEF6EB21C46D38000AF868 /* MoviesTableViewCell.swift */; };
		9AFEF6EE21C46D4C000AF868 /* MoviesCollectionViewCell.swift in Sources */ = {isa = PBXBuildFile; fileRef = 9AFEF6ED21C46D4C000AF868 /* MoviesCollectionViewCell.swift */; };
		9AFEF6F021C4CC4A000AF868 /* UserPreference.swift in Sources */ = {isa = PBXBuildFile; fileRef = 9AFEF6EF21C4CC4A000AF868 /* UserPreference.swift */; };
/* End PBXBuildFile section */

/* Begin PBXFileReference section */
		9A2CC70E21C6AC8200523D71 /* MovieComments.swift */ = {isa = PBXFileReference; lastKnownFileType = sourcecode.swift; path = MovieComments.swift; sourceTree = "<group>"; };
		9A2CC71021C6E2F400523D71 /* Launch Screen.storyboard */ = {isa = PBXFileReference; lastKnownFileType = file.storyboard; path = "Launch Screen.storyboard"; sourceTree = "<group>"; };
		9A2CC71221C6ED1800523D71 /* PosterViewController.swift */ = {isa = PBXFileReference; lastKnownFileType = sourcecode.swift; path = PosterViewController.swift; sourceTree = "<group>"; };
		9A39B9B821C5AC6300376F5C /* MovieViewController.swift */ = {isa = PBXFileReference; lastKnownFileType = sourcecode.swift; path = MovieViewController.swift; sourceTree = "<group>"; };
		9A39B9BA21C633EF00376F5C /* MovieInfoTableViewCell.swift */ = {isa = PBXFileReference; lastKnownFileType = sourcecode.swift; path = MovieInfoTableViewCell.swift; sourceTree = "<group>"; };
		9A39B9BC21C6340900376F5C /* MovieStoryTableViewCell.swift */ = {isa = PBXFileReference; lastKnownFileType = sourcecode.swift; path = MovieStoryTableViewCell.swift; sourceTree = "<group>"; };
		9A39B9BE21C6341E00376F5C /* MovieMakerTableViewCell.swift */ = {isa = PBXFileReference; lastKnownFileType = sourcecode.swift; path = MovieMakerTableViewCell.swift; sourceTree = "<group>"; };
		9A39B9C021C6343300376F5C /* MovieCommentHeaderTableViewCell.swift */ = {isa = PBXFileReference; lastKnownFileType = sourcecode.swift; path = MovieCommentHeaderTableViewCell.swift; sourceTree = "<group>"; };
		9A39B9C221C63AAB00376F5C /* MovieCommentTableViewCell.swift */ = {isa = PBXFileReference; lastKnownFileType = sourcecode.swift; path = MovieCommentTableViewCell.swift; sourceTree = "<group>"; };
		9A39B9C421C64DAB00376F5C /* MovieDetail.swift */ = {isa = PBXFileReference; lastKnownFileType = sourcecode.swift; path = MovieDetail.swift; sourceTree = "<group>"; };
		9AFEF60D21C45969000AF868 /* MovieInformation.app */ = {isa = PBXFileReference; explicitFileType = wrapper.application; includeInIndex = 0; path = MovieInformation.app; sourceTree = BUILT_PRODUCTS_DIR; };
		9AFEF61021C45969000AF868 /* AppDelegate.swift */ = {isa = PBXFileReference; lastKnownFileType = sourcecode.swift; path = AppDelegate.swift; sourceTree = "<group>"; };
		9AFEF61521C45969000AF868 /* Base */ = {isa = PBXFileReference; lastKnownFileType = file.storyboard; name = Base; path = Base.lproj/Main.storyboard; sourceTree = "<group>"; };
		9AFEF61C21C4596B000AF868 /* Info.plist */ = {isa = PBXFileReference; lastKnownFileType = text.plist.xml; path = Info.plist; sourceTree = "<group>"; };
		9AFEF6E321C45E31000AF868 /* Assets.xcassets */ = {isa = PBXFileReference; lastKnownFileType = folder.assetcatalog; path = Assets.xcassets; sourceTree = "<group>"; };
		9AFEF6E521C46A64000AF868 /* Movie.swift */ = {isa = PBXFileReference; lastKnownFileType = sourcecode.swift; path = Movie.swift; sourceTree = "<group>"; };
		9AFEF6E721C46CF8000AF868 /* MoviesTableViewController.swift */ = {isa = PBXFileReference; lastKnownFileType = sourcecode.swift; path = MoviesTableViewController.swift; sourceTree = "<group>"; };
		9AFEF6E921C46D17000AF868 /* MoviesCollectionViewController.swift */ = {isa = PBXFileReference; lastKnownFileType = sourcecode.swift; path = MoviesCollectionViewController.swift; sourceTree = "<group>"; };
		9AFEF6EB21C46D38000AF868 /* MoviesTableViewCell.swift */ = {isa = PBXFileReference; lastKnownFileType = sourcecode.swift; path = MoviesTableViewCell.swift; sourceTree = "<group>"; };
		9AFEF6ED21C46D4C000AF868 /* MoviesCollectionViewCell.swift */ = {isa = PBXFileReference; lastKnownFileType = sourcecode.swift; path = MoviesCollectionViewCell.swift; sourceTree = "<group>"; };
		9AFEF6EF21C4CC4A000AF868 /* UserPreference.swift */ = {isa = PBXFileReference; lastKnownFileType = sourcecode.swift; path = UserPreference.swift; sourceTree = "<group>"; };
/* End PBXFileReference section */

/* Begin PBXFrameworksBuildPhase section */
		9AFEF60A21C45969000AF868 /* Frameworks */ = {
			isa = PBXFrameworksBuildPhase;
			buildActionMask = 2147483647;
			files = (
			);
			runOnlyForDeploymentPostprocessing = 0;
		};
/* End PBXFrameworksBuildPhase section */

/* Begin PBXGroup section */
		9AFEF60421C45969000AF868 = {
			isa = PBXGroup;
			children = (
				9AFEF60F21C45969000AF868 /* MovieInformation */,
				9AFEF60E21C45969000AF868 /* Products */,
			);
			sourceTree = "<group>";
		};
		9AFEF60E21C45969000AF868 /* Products */ = {
			isa = PBXGroup;
			children = (
				9AFEF60D21C45969000AF868 /* MovieInformation.app */,
			);
			name = Products;
			sourceTree = "<group>";
		};
		9AFEF60F21C45969000AF868 /* MovieInformation */ = {
			isa = PBXGroup;
			children = (
				9AFEF61021C45969000AF868 /* AppDelegate.swift */,
				9AFEF61C21C4596B000AF868 /* Info.plist */,
				9AFEF61421C45969000AF868 /* Main.storyboard */,
				9A2CC71021C6E2F400523D71 /* Launch Screen.storyboard */,
				9AFEF6E321C45E31000AF868 /* Assets.xcassets */,
				9AFEF6E521C46A64000AF868 /* Movie.swift */,
				9AFEF6ED21C46D4C000AF868 /* MoviesCollectionViewCell.swift */,
				9AFEF6E721C46CF8000AF868 /* MoviesTableViewController.swift */,
				9AFEF6E921C46D17000AF868 /* MoviesCollectionViewController.swift */,
				9A39B9B821C5AC6300376F5C /* MovieViewController.swift */,
				9AFEF6EB21C46D38000AF868 /* MoviesTableViewCell.swift */,
				9A39B9BA21C633EF00376F5C /* MovieInfoTableViewCell.swift */,
				9A39B9BC21C6340900376F5C /* MovieStoryTableViewCell.swift */,
				9A39B9BE21C6341E00376F5C /* MovieMakerTableViewCell.swift */,
				9A39B9C021C6343300376F5C /* MovieCommentHeaderTableViewCell.swift */,
				9A39B9C221C63AAB00376F5C /* MovieCommentTableViewCell.swift */,
				9A2CC71221C6ED1800523D71 /* PosterViewController.swift */,
				9A39B9C421C64DAB00376F5C /* MovieDetail.swift */,
				9A2CC70E21C6AC8200523D71 /* MovieComments.swift */,
				9AFEF6EF21C4CC4A000AF868 /* UserPreference.swift */,
			);
			path = MovieInformation;
			sourceTree = "<group>";
		};
/* End PBXGroup section */

/* Begin PBXNativeTarget section */
		9AFEF60C21C45969000AF868 /* MovieInformation */ = {
			isa = PBXNativeTarget;
			buildConfigurationList = 9AFEF61F21C4596B000AF868 /* Build configuration list for PBXNativeTarget "MovieInformation" */;
			buildPhases = (
				9AFEF60921C45969000AF868 /* Sources */,
				9AFEF60A21C45969000AF868 /* Frameworks */,
				9AFEF60B21C45969000AF868 /* Resources */,
			);
			buildRules = (
			);
			dependencies = (
			);
			name = MovieInformation;
			productName = MovieInformation;
			productReference = 9AFEF60D21C45969000AF868 /* MovieInformation.app */;
			productType = "com.apple.product-type.application";
		};
/* End PBXNativeTarget section */

/* Begin PBXProject section */
		9AFEF60521C45969000AF868 /* Project object */ = {
			isa = PBXProject;
			attributes = {
				LastSwiftUpdateCheck = 1010;
				LastUpgradeCheck = 1010;
				ORGANIZATIONNAME = Nowstring;
				TargetAttributes = {
					9AFEF60C21C45969000AF868 = {
						CreatedOnToolsVersion = 10.1;
					};
				};
			};
			buildConfigurationList = 9AFEF60821C45969000AF868 /* Build configuration list for PBXProject "MovieInformation" */;
			compatibilityVersion = "Xcode 9.3";
			developmentRegion = en;
			hasScannedForEncodings = 0;
			knownRegions = (
				en,
				Base,
			);
			mainGroup = 9AFEF60421C45969000AF868;
			productRefGroup = 9AFEF60E21C45969000AF868 /* Products */;
			projectDirPath = "";
			projectRoot = "";
			targets = (
				9AFEF60C21C45969000AF868 /* MovieInformation */,
			);
		};
/* End PBXProject section */

/* Begin PBXResourcesBuildPhase section */
		9AFEF60B21C45969000AF868 /* Resources */ = {
			isa = PBXResourcesBuildPhase;
			buildActionMask = 2147483647;
			files = (
				9A2CC71121C6E2F400523D71 /* Launch Screen.storyboard in Resources */,
				9AFEF6E421C45E31000AF868 /* Assets.xcassets in Resources */,
				9AFEF61621C45969000AF868 /* Main.storyboard in Resources */,
			);
			runOnlyForDeploymentPostprocessing = 0;
		};
/* End PBXResourcesBuildPhase section */

/* Begin PBXSourcesBuildPhase section */
		9AFEF60921C45969000AF868 /* Sources */ = {
			isa = PBXSourcesBuildPhase;
			buildActionMask = 2147483647;
			files = (
				9A39B9C121C6343300376F5C /* MovieCommentHeaderTableViewCell.swift in Sources */,
				9A2CC71321C6ED1800523D71 /* PosterViewController.swift in Sources */,
				9A39B9C521C64DAB00376F5C /* MovieDetail.swift in Sources */,
				9AFEF6E821C46CF8000AF868 /* MoviesTableViewController.swift in Sources */,
				9AFEF6EA21C46D17000AF868 /* MoviesCollectionViewController.swift in Sources */,
				9AFEF6EC21C46D38000AF868 /* MoviesTableViewCell.swift in Sources */,
				9A39B9BF21C6341E00376F5C /* MovieMakerTableViewCell.swift in Sources */,
				9A39B9C321C63AAB00376F5C /* MovieCommentTableViewCell.swift in Sources */,
				9A39B9B921C5AC6300376F5C /* MovieViewController.swift in Sources */,
				9AFEF6EE21C46D4C000AF868 /* MoviesCollectionViewCell.swift in Sources */,
				9AFEF61121C45969000AF868 /* AppDelegate.swift in Sources */,
				9A2CC70F21C6AC8200523D71 /* MovieComments.swift in Sources */,
				9AFEF6E621C46A64000AF868 /* Movie.swift in Sources */,
				9A39B9BB21C633EF00376F5C /* MovieInfoTableViewCell.swift in Sources */,
				9A39B9BD21C6340900376F5C /* MovieStoryTableViewCell.swift in Sources */,
				9AFEF6F021C4CC4A000AF868 /* UserPreference.swift in Sources */,
			);
			runOnlyForDeploymentPostprocessing = 0;
		};
/* End PBXSourcesBuildPhase section */

/* Begin PBXVariantGroup section */
		9AFEF61421C45969000AF868 /* Main.storyboard */ = {
			isa = PBXVariantGroup;
			children = (
				9AFEF61521C45969000AF868 /* Base */,
			);
			name = Main.storyboard;
			sourceTree = "<group>";
		};
/* End PBXVariantGroup section */

/* Begin XCBuildConfiguration section */
		9AFEF61D21C4596B000AF868 /* Debug */ = {
			isa = XCBuildConfiguration;
			buildSettings = {
				ALWAYS_SEARCH_USER_PATHS = NO;
				CLANG_ANALYZER_NONNULL = YES;
				CLANG_ANALYZER_NUMBER_OBJECT_CONVERSION = YES_AGGRESSIVE;
				CLANG_CXX_LANGUAGE_STANDARD = "gnu++14";
				CLANG_CXX_LIBRARY = "libc++";
				CLANG_ENABLE_MODULES = YES;
				CLANG_ENABLE_OBJC_ARC = YES;
				CLANG_ENABLE_OBJC_WEAK = YES;
				CLANG_WARN_BLOCK_CAPTURE_AUTORELEASING = YES;
				CLANG_WARN_BOOL_CONVERSION = YES;
				CLANG_WARN_COMMA = YES;
				CLANG_WARN_CONSTANT_CONVERSION = YES;
				CLANG_WARN_DEPRECATED_OBJC_IMPLEMENTATIONS = YES;
				CLANG_WARN_DIRECT_OBJC_ISA_USAGE = YES_ERROR;
				CLANG_WARN_DOCUMENTATION_COMMENTS = YES;
				CLANG_WARN_EMPTY_BODY = YES;
				CLANG_WARN_ENUM_CONVERSION = YES;
				CLANG_WARN_INFINITE_RECURSION = YES;
				CLANG_WARN_INT_CONVERSION = YES;
				CLANG_WARN_NON_LITERAL_NULL_CONVERSION = YES;
				CLANG_WARN_OBJC_IMPLICIT_RETAIN_SELF = YES;
				CLANG_WARN_OBJC_LITERAL_CONVERSION = YES;
				CLANG_WARN_OBJC_ROOT_CLASS = YES_ERROR;
				CLANG_WARN_RANGE_LOOP_ANALYSIS = YES;
				CLANG_WARN_STRICT_PROTOTYPES = YES;
				CLANG_WARN_SUSPICIOUS_MOVE = YES;
				CLANG_WARN_UNGUARDED_AVAILABILITY = YES_AGGRESSIVE;
				CLANG_WARN_UNREACHABLE_CODE = YES;
				CLANG_WARN__DUPLICATE_METHOD_MATCH = YES;
				CODE_SIGN_IDENTITY = "iPhone Developer";
				COPY_PHASE_STRIP = NO;
				DEBUG_INFORMATION_FORMAT = dwarf;
				ENABLE_STRICT_OBJC_MSGSEND = YES;
				ENABLE_TESTABILITY = YES;
				GCC_C_LANGUAGE_STANDARD = gnu11;
				GCC_DYNAMIC_NO_PIC = NO;
				GCC_NO_COMMON_BLOCKS = YES;
				GCC_OPTIMIZATION_LEVEL = 0;
				GCC_PREPROCESSOR_DEFINITIONS = (
					"DEBUG=1",
					"$(inherited)",
				);
				GCC_WARN_64_TO_32_BIT_CONVERSION = YES;
				GCC_WARN_ABOUT_RETURN_TYPE = YES_ERROR;
				GCC_WARN_UNDECLARED_SELECTOR = YES;
				GCC_WARN_UNINITIALIZED_AUTOS = YES_AGGRESSIVE;
				GCC_WARN_UNUSED_FUNCTION = YES;
				GCC_WARN_UNUSED_VARIABLE = YES;
				IPHONEOS_DEPLOYMENT_TARGET = 12.1;
				MTL_ENABLE_DEBUG_INFO = INCLUDE_SOURCE;
				MTL_FAST_MATH = YES;
				ONLY_ACTIVE_ARCH = YES;
				SDKROOT = iphoneos;
				SWIFT_ACTIVE_COMPILATION_CONDITIONS = DEBUG;
				SWIFT_OPTIMIZATION_LEVEL = "-Onone";
			};
			name = Debug;
		};
		9AFEF61E21C4596B000AF868 /* Release */ = {
			isa = XCBuildConfiguration;
			buildSettings = {
				ALWAYS_SEARCH_USER_PATHS = NO;
				CLANG_ANALYZER_NONNULL = YES;
				CLANG_ANALYZER_NUMBER_OBJECT_CONVERSION = YES_AGGRESSIVE;
				CLANG_CXX_LANGUAGE_STANDARD = "gnu++14";
				CLANG_CXX_LIBRARY = "libc++";
				CLANG_ENABLE_MODULES = YES;
				CLANG_ENABLE_OBJC_ARC = YES;
				CLANG_ENABLE_OBJC_WEAK = YES;
				CLANG_WARN_BLOCK_CAPTURE_AUTORELEASING = YES;
				CLANG_WARN_BOOL_CONVERSION = YES;
				CLANG_WARN_COMMA = YES;
				CLANG_WARN_CONSTANT_CONVERSION = YES;
				CLANG_WARN_DEPRECATED_OBJC_IMPLEMENTATIONS = YES;
				CLANG_WARN_DIRECT_OBJC_ISA_USAGE = YES_ERROR;
				CLANG_WARN_DOCUMENTATION_COMMENTS = YES;
				CLANG_WARN_EMPTY_BODY = YES;
				CLANG_WARN_ENUM_CONVERSION = YES;
				CLANG_WARN_INFINITE_RECURSION = YES;
				CLANG_WARN_INT_CONVERSION = YES;
				CLANG_WARN_NON_LITERAL_NULL_CONVERSION = YES;
				CLANG_WARN_OBJC_IMPLICIT_RETAIN_SELF = YES;
				CLANG_WARN_OBJC_LITERAL_CONVERSION = YES;
				CLANG_WARN_OBJC_ROOT_CLASS = YES_ERROR;
				CLANG_WARN_RANGE_LOOP_ANALYSIS = YES;
				CLANG_WARN_STRICT_PROTOTYPES = YES;
				CLANG_WARN_SUSPICIOUS_MOVE = YES;
				CLANG_WARN_UNGUARDED_AVAILABILITY = YES_AGGRESSIVE;
				CLANG_WARN_UNREACHABLE_CODE = YES;
				CLANG_WARN__DUPLICATE_METHOD_MATCH = YES;
				CODE_SIGN_IDENTITY = "iPhone Developer";
				COPY_PHASE_STRIP = NO;
				DEBUG_INFORMATION_FORMAT = "dwarf-with-dsym";
				ENABLE_NS_ASSERTIONS = NO;
				ENABLE_STRICT_OBJC_MSGSEND = YES;
				GCC_C_LANGUAGE_STANDARD = gnu11;
				GCC_NO_COMMON_BLOCKS = YES;
				GCC_WARN_64_TO_32_BIT_CONVERSION = YES;
				GCC_WARN_ABOUT_RETURN_TYPE = YES_ERROR;
				GCC_WARN_UNDECLARED_SELECTOR = YES;
				GCC_WARN_UNINITIALIZED_AUTOS = YES_AGGRESSIVE;
				GCC_WARN_UNUSED_FUNCTION = YES;
				GCC_WARN_UNUSED_VARIABLE = YES;
				IPHONEOS_DEPLOYMENT_TARGET = 12.1;
				MTL_ENABLE_DEBUG_INFO = NO;
				MTL_FAST_MATH = YES;
				SDKROOT = iphoneos;
				SWIFT_COMPILATION_MODE = wholemodule;
				SWIFT_OPTIMIZATION_LEVEL = "-O";
				VALIDATE_PRODUCT = YES;
			};
			name = Release;
		};
		9AFEF62021C4596B000AF868 /* Debug */ = {
			isa = XCBuildConfiguration;
			buildSettings = {
				ASSETCATALOG_COMPILER_APPICON_NAME = AppIcon;
				CODE_SIGN_STYLE = Automatic;
				DEVELOPMENT_TEAM = 4U9B5GDBZA;
				INFOPLIST_FILE = MovieInformation/Info.plist;
				LD_RUNPATH_SEARCH_PATHS = (
					"$(inherited)",
					"@executable_path/Frameworks",
				);
				PRODUCT_BUNDLE_IDENTIFIER = com.naver.app.test123.MovieInformation1;
				PRODUCT_NAME = "$(TARGET_NAME)";
				SWIFT_VERSION = 4.2;
				TARGETED_DEVICE_FAMILY = "1,2";
			};
			name = Debug;
		};
		9AFEF62121C4596B000AF868 /* Release */ = {
			isa = XCBuildConfiguration;
			buildSettings = {
				ASSETCATALOG_COMPILER_APPICON_NAME = AppIcon;
				CODE_SIGN_STYLE = Automatic;
				DEVELOPMENT_TEAM = 4U9B5GDBZA;
				INFOPLIST_FILE = MovieInformation/Info.plist;
				LD_RUNPATH_SEARCH_PATHS = (
					"$(inherited)",
					"@executable_path/Frameworks",
				);
				PRODUCT_BUNDLE_IDENTIFIER = com.naver.app.test123.MovieInformation1;
				PRODUCT_NAME = "$(TARGET_NAME)";
				SWIFT_VERSION = 4.2;
				TARGETED_DEVICE_FAMILY = "1,2";
			};
			name = Release;
		};
/* End XCBuildConfiguration section */

/* Begin XCConfigurationList section */
		9AFEF60821C45969000AF868 /* Build configuration list for PBXProject "MovieInformation" */ = {
			isa = XCConfigurationList;
			buildConfigurations = (
				9AFEF61D21C4596B000AF868 /* Debug */,
				9AFEF61E21C4596B000AF868 /* Release */,
			);
			defaultConfigurationIsVisible = 0;
			defaultConfigurationName = Release;
		};
		9AFEF61F21C4596B000AF868 /* Build configuration list for PBXNativeTarget "MovieInformation" */ = {
			isa = XCConfigurationList;
			buildConfigurations = (
				9AFEF62021C4596B000AF868 /* Debug */,
				9AFEF62121C4596B000AF868 /* Release */,
			);
			defaultConfigurationIsVisible = 0;
			defaultConfigurationName = Release;
		};
/* End XCConfigurationList section */
	};
	rootObject = 9AFEF60521C45969000AF868 /* Project object */;
}
